
Microsoft Visual Studio Solution File, Format Version 12.00
# Visual Studio Version 17
VisualStudioVersion = 17.4.33122.133
MinimumVisualStudioVersion = 10.0.40219.1
Project("{FAE04EC0-301F-11D3-BF4B-00C04F79EFBC}") = "Store.App", "Store.App\Store.App.csproj", "{183AA485-F576-4A44-AC7B-BF3BB892A968}"
EndProject
Project("{FAE04EC0-301F-11D3-BF4B-00C04F79EFBC}") = "Store.Data", "Store.Data\Store.Data.csproj", "{C878494D-9BA1-4715-A610-EB3F168F9531}"
EndProject
Project("{FAE04EC0-301F-11D3-BF4B-00C04F79EFBC}") = "Store.Domain", "Store.Domain\Store.Domain.csproj", "{E8E78770-4E90-4122-92DD-E967731367CD}"
EndProject
Global
	GlobalSection(SolutionConfigurationPlatforms) = preSolution
		Debug|Any CPU = Debug|Any CPU
		Release|Any CPU = Release|Any CPU
	EndGlobalSection
	GlobalSection(ProjectConfigurationPlatforms) = postSolution
		{183AA485-F576-4A44-AC7B-BF3BB892A968}.Debug|Any CPU.ActiveCfg = Debug|Any CPU
		{183AA485-F576-4A44-AC7B-BF3BB892A968}.Debug|Any CPU.Build.0 = Debug|Any CPU
		{183AA485-F576-4A44-AC7B-BF3BB892A968}.Release|Any CPU.ActiveCfg = Release|Any CPU
		{183AA485-F576-4A44-AC7B-BF3BB892A968}.Release|Any CPU.Build.0 = Release|Any CPU
		{C878494D-9BA1-4715-A610-EB3F168F9531}.Debug|Any CPU.ActiveCfg = Debug|Any CPU
		{C878494D-9BA1-4715-A610-EB3F168F9531}.Debug|Any CPU.Build.0 = Debug|Any CPU
		{C878494D-9BA1-4715-A610-EB3F168F9531}.Release|Any CPU.ActiveCfg = Release|Any CPU
		{C878494D-9BA1-4715-A610-EB3F168F9531}.Release|Any CPU.Build.0 = Release|Any CPU
		{E8E78770-4E90-4122-92DD-E967731367CD}.Debug|Any CPU.ActiveCfg = Debug|Any CPU
		{E8E78770-4E90-4122-92DD-E967731367CD}.Debug|Any CPU.Build.0 = Debug|Any CPU
		{E8E78770-4E90-4122-92DD-E967731367CD}.Release|Any CPU.ActiveCfg = Release|Any CPU
		{E8E78770-4E90-4122-92DD-E967731367CD}.Release|Any CPU.Build.0 = Release|Any CPU
	EndGlobalSection
	GlobalSection(SolutionProperties) = preSolution
		HideSolutionNode = FALSE
	EndGlobalSection
	GlobalSection(ExtensibilityGlobals) = postSolution
		SolutionGuid = {71719D30-90F4-4E65-8E12-4E71256E97B2}
	EndGlobalSection
EndGlobal
